
Microsoft Visual Studio Solution File, Format Version 12.00
# Visual Studio Version 16
VisualStudioVersion = 16.0.29418.71
MinimumVisualStudioVersion = 10.0.40219.1
Project("{FAE04EC0-301F-11D3-BF4B-00C04F79EFBC}") = "Lesson2", "Lesson2\Lesson2.csproj", "{60D65266-219D-437B-80CE-55BAD3E79AB2}"
EndProject
Project("{FAE04EC0-301F-11D3-BF4B-00C04F79EFBC}") = "AnimalLibrary", "AnimalLibrary\AnimalLibrary.csproj", "{CCB6FDA0-9D2C-48F5-A9C6-8875D366CC63}"
EndProject
Project("{FAE04EC0-301F-11D3-BF4B-00C04F79EFBC}") = "Start_Array", "Start_Array\Start_Array.csproj", "{092E0F31-822D-414D-9340-E5C3A6951840}"
EndProject
Project("{FAE04EC0-301F-11D3-BF4B-00C04F79EFBC}") = "Zoo", "Zoo\Zoo.csproj", "{70812CC2-29D1-4881-9D64-EFBCFA29CE5A}"
EndProject
Project("{FAE04EC0-301F-11D3-BF4B-00C04F79EFBC}") = "Factorial", "Factorial\Factorial.csproj", "{AC0BF006-811D-402D-A4E7-80850E044A4C}"
EndProject
Project("{FAE04EC0-301F-11D3-BF4B-00C04F79EFBC}") = "Dictionary_lesson4", "Dictionary_lesson4\Dictionary_lesson4.csproj", "{2F19DF34-E497-49EF-AE55-8D4CFF05187D}"
EndProject
Project("{FAE04EC0-301F-11D3-BF4B-00C04F79EFBC}") = "BookStorage", "BookStorage\BookStorage.csproj", "{E12270E3-7128-4378-96BF-AD4335EB73B2}"
EndProject
Project("{FAE04EC0-301F-11D3-BF4B-00C04F79EFBC}") = "OM_L1_T1_Array", "OM_L1_T1_Array\OM_L1_T1_Array.csproj", "{39569888-EB78-424B-8806-A41E13BFFDF0}"
EndProject
Global
	GlobalSection(SolutionConfigurationPlatforms) = preSolution
		Debug|Any CPU = Debug|Any CPU
		Release|Any CPU = Release|Any CPU
	EndGlobalSection
	GlobalSection(ProjectConfigurationPlatforms) = postSolution
		{60D65266-219D-437B-80CE-55BAD3E79AB2}.Debug|Any CPU.ActiveCfg = Debug|Any CPU
		{60D65266-219D-437B-80CE-55BAD3E79AB2}.Debug|Any CPU.Build.0 = Debug|Any CPU
		{60D65266-219D-437B-80CE-55BAD3E79AB2}.Release|Any CPU.ActiveCfg = Release|Any CPU
		{60D65266-219D-437B-80CE-55BAD3E79AB2}.Release|Any CPU.Build.0 = Release|Any CPU
		{CCB6FDA0-9D2C-48F5-A9C6-8875D366CC63}.Debug|Any CPU.ActiveCfg = Debug|Any CPU
		{CCB6FDA0-9D2C-48F5-A9C6-8875D366CC63}.Debug|Any CPU.Build.0 = Debug|Any CPU
		{CCB6FDA0-9D2C-48F5-A9C6-8875D366CC63}.Release|Any CPU.ActiveCfg = Release|Any CPU
		{CCB6FDA0-9D2C-48F5-A9C6-8875D366CC63}.Release|Any CPU.Build.0 = Release|Any CPU
		{092E0F31-822D-414D-9340-E5C3A6951840}.Debug|Any CPU.ActiveCfg = Debug|Any CPU
		{092E0F31-822D-414D-9340-E5C3A6951840}.Debug|Any CPU.Build.0 = Debug|Any CPU
		{092E0F31-822D-414D-9340-E5C3A6951840}.Release|Any CPU.ActiveCfg = Release|Any CPU
		{092E0F31-822D-414D-9340-E5C3A6951840}.Release|Any CPU.Build.0 = Release|Any CPU
		{70812CC2-29D1-4881-9D64-EFBCFA29CE5A}.Debug|Any CPU.ActiveCfg = Debug|Any CPU
		{70812CC2-29D1-4881-9D64-EFBCFA29CE5A}.Debug|Any CPU.Build.0 = Debug|Any CPU
		{70812CC2-29D1-4881-9D64-EFBCFA29CE5A}.Release|Any CPU.ActiveCfg = Release|Any CPU
		{70812CC2-29D1-4881-9D64-EFBCFA29CE5A}.Release|Any CPU.Build.0 = Release|Any CPU
		{AC0BF006-811D-402D-A4E7-80850E044A4C}.Debug|Any CPU.ActiveCfg = Debug|Any CPU
		{AC0BF006-811D-402D-A4E7-80850E044A4C}.Debug|Any CPU.Build.0 = Debug|Any CPU
		{AC0BF006-811D-402D-A4E7-80850E044A4C}.Release|Any CPU.ActiveCfg = Release|Any CPU
		{AC0BF006-811D-402D-A4E7-80850E044A4C}.Release|Any CPU.Build.0 = Release|Any CPU
		{2F19DF34-E497-49EF-AE55-8D4CFF05187D}.Debug|Any CPU.ActiveCfg = Debug|Any CPU
		{2F19DF34-E497-49EF-AE55-8D4CFF05187D}.Debug|Any CPU.Build.0 = Debug|Any CPU
		{2F19DF34-E497-49EF-AE55-8D4CFF05187D}.Release|Any CPU.ActiveCfg = Release|Any CPU
		{2F19DF34-E497-49EF-AE55-8D4CFF05187D}.Release|Any CPU.Build.0 = Release|Any CPU
		{E12270E3-7128-4378-96BF-AD4335EB73B2}.Debug|Any CPU.ActiveCfg = Debug|Any CPU
		{E12270E3-7128-4378-96BF-AD4335EB73B2}.Debug|Any CPU.Build.0 = Debug|Any CPU
		{E12270E3-7128-4378-96BF-AD4335EB73B2}.Release|Any CPU.ActiveCfg = Release|Any CPU
		{E12270E3-7128-4378-96BF-AD4335EB73B2}.Release|Any CPU.Build.0 = Release|Any CPU
		{39569888-EB78-424B-8806-A41E13BFFDF0}.Debug|Any CPU.ActiveCfg = Debug|Any CPU
		{39569888-EB78-424B-8806-A41E13BFFDF0}.Debug|Any CPU.Build.0 = Debug|Any CPU
		{39569888-EB78-424B-8806-A41E13BFFDF0}.Release|Any CPU.ActiveCfg = Release|Any CPU
		{39569888-EB78-424B-8806-A41E13BFFDF0}.Release|Any CPU.Build.0 = Release|Any CPU
	EndGlobalSection
	GlobalSection(SolutionProperties) = preSolution
		HideSolutionNode = FALSE
	EndGlobalSection
	GlobalSection(ExtensibilityGlobals) = postSolution
		SolutionGuid = {8831AC3E-F481-4017-BFAB-0D70B003F901}
	EndGlobalSection
EndGlobal
